
Microsoft Visual Studio Solution File, Format Version 12.00
# Visual Studio 15
VisualStudioVersion = 15.0.27428.2043
MinimumVisualStudioVersion = 10.0.40219.1
Project("{FAE04EC0-301F-11D3-BF4B-00C04F79EFBC}") = "UserApp", "UserApp\UserApp\UserApp.csproj", "{19AAFCF2-1183-4952-9408-4E7FE21EFF22}"
EndProject
Project("{FAE04EC0-301F-11D3-BF4B-00C04F79EFBC}") = "UserApp.ServiceModel", "UserApp\UserApp.ServiceModel\UserApp.ServiceModel.csproj", "{08BEF328-AB7D-48D3-800D-48ACC75C7914}"
EndProject
Project("{FAE04EC0-301F-11D3-BF4B-00C04F79EFBC}") = "UserApp.ServiceInterface", "UserApp\UserApp.ServiceInterface\UserApp.ServiceInterface.csproj", "{582DFB0F-F84D-4E43-9BCA-2A5A86600B7A}"
EndProject
Project("{FAE04EC0-301F-11D3-BF4B-00C04F79EFBC}") = "UserApp.Tests", "UserApp\UserApp.Tests\UserApp.Tests.csproj", "{B1665387-EF91-4CA0-82BB-66E5781ED800}"
EndProject
Global
	GlobalSection(SolutionConfigurationPlatforms) = preSolution
		Debug|Any CPU = Debug|Any CPU
		Release|Any CPU = Release|Any CPU
	EndGlobalSection
	GlobalSection(ProjectConfigurationPlatforms) = postSolution
		{19AAFCF2-1183-4952-9408-4E7FE21EFF22}.Debug|Any CPU.ActiveCfg = Debug|Any CPU
		{19AAFCF2-1183-4952-9408-4E7FE21EFF22}.Debug|Any CPU.Build.0 = Debug|Any CPU
		{19AAFCF2-1183-4952-9408-4E7FE21EFF22}.Release|Any CPU.ActiveCfg = Release|Any CPU
		{19AAFCF2-1183-4952-9408-4E7FE21EFF22}.Release|Any CPU.Build.0 = Release|Any CPU
		{08BEF328-AB7D-48D3-800D-48ACC75C7914}.Debug|Any CPU.ActiveCfg = Debug|Any CPU
		{08BEF328-AB7D-48D3-800D-48ACC75C7914}.Debug|Any CPU.Build.0 = Debug|Any CPU
		{08BEF328-AB7D-48D3-800D-48ACC75C7914}.Release|Any CPU.ActiveCfg = Release|Any CPU
		{08BEF328-AB7D-48D3-800D-48ACC75C7914}.Release|Any CPU.Build.0 = Release|Any CPU
		{582DFB0F-F84D-4E43-9BCA-2A5A86600B7A}.Debug|Any CPU.ActiveCfg = Debug|Any CPU
		{582DFB0F-F84D-4E43-9BCA-2A5A86600B7A}.Debug|Any CPU.Build.0 = Debug|Any CPU
		{582DFB0F-F84D-4E43-9BCA-2A5A86600B7A}.Release|Any CPU.ActiveCfg = Release|Any CPU
		{582DFB0F-F84D-4E43-9BCA-2A5A86600B7A}.Release|Any CPU.Build.0 = Release|Any CPU
		{B1665387-EF91-4CA0-82BB-66E5781ED800}.Debug|Any CPU.ActiveCfg = Debug|Any CPU
		{B1665387-EF91-4CA0-82BB-66E5781ED800}.Debug|Any CPU.Build.0 = Debug|Any CPU
		{B1665387-EF91-4CA0-82BB-66E5781ED800}.Release|Any CPU.ActiveCfg = Release|Any CPU
		{B1665387-EF91-4CA0-82BB-66E5781ED800}.Release|Any CPU.Build.0 = Release|Any CPU
	EndGlobalSection
	GlobalSection(SolutionProperties) = preSolution
		HideSolutionNode = FALSE
	EndGlobalSection
	GlobalSection(ExtensibilityGlobals) = postSolution
		SolutionGuid = {D3552960-F9D6-4F52-8B54-17FA08A9AE47}
	EndGlobalSection
EndGlobal
